// !$*UTF8*$!
{
	archiveVersion = 1;
	classes = {
	};
	objectVersion = 46;
	objects = {

/* Begin PBXBuildFile section */
		431597E91C0781F100549F94 /* GameTests.swift in Sources */ = {isa = PBXBuildFile; fileRef = 43DA68F11BFE795A00BED1B0 /* GameTests.swift */; };
		431597EE1C07834800549F94 /* GameTests.swift in Sources */ = {isa = PBXBuildFile; fileRef = 43DA68F11BFE795A00BED1B0 /* GameTests.swift */; };
		4329AF531C2A5E5A00DB7E92 /* Math.swift in Sources */ = {isa = PBXBuildFile; fileRef = 437A2ABF1C20904700ED6EEC /* Math.swift */; };
		4329AF541C2A5E5B00DB7E92 /* Math.swift in Sources */ = {isa = PBXBuildFile; fileRef = 437A2ABF1C20904700ED6EEC /* Math.swift */; };
		4329AF551C2A5EAC00DB7E92 /* VectorialAlgebra.swift in Sources */ = {isa = PBXBuildFile; fileRef = 437A2ACD1C209D1000ED6EEC /* VectorialAlgebra.swift */; };
		4329AF561C2A5EAD00DB7E92 /* VectorialAlgebra.swift in Sources */ = {isa = PBXBuildFile; fileRef = 437A2ACD1C209D1000ED6EEC /* VectorialAlgebra.swift */; };
		432C0EBF1C00F1F10077C06B /* AppDelegate.swift in Sources */ = {isa = PBXBuildFile; fileRef = 432C0EBE1C00F1F10077C06B /* AppDelegate.swift */; };
		432C0EC71C00F1F20077C06B /* Assets.xcassets in Resources */ = {isa = PBXBuildFile; fileRef = 432C0EC61C00F1F20077C06B /* Assets.xcassets */; };
		432C0ECA1C00F1F20077C06B /* MainMenu.xib in Resources */ = {isa = PBXBuildFile; fileRef = 432C0EC81C00F1F20077C06B /* MainMenu.xib */; };
		432C0ED51C00F1F20077C06B /* OSXGameTests.swift in Sources */ = {isa = PBXBuildFile; fileRef = 432C0ED41C00F1F20077C06B /* OSXGameTests.swift */; };
		432C0EE01C00F1F20077C06B /* OSXGameUITests.swift in Sources */ = {isa = PBXBuildFile; fileRef = 432C0EDF1C00F1F20077C06B /* OSXGameUITests.swift */; };
		432C0EF21C00F3670077C06B /* AppDelegate.swift in Sources */ = {isa = PBXBuildFile; fileRef = 432C0EF11C00F3670077C06B /* AppDelegate.swift */; };
		432C0EF91C00F3670077C06B /* Main.storyboard in Resources */ = {isa = PBXBuildFile; fileRef = 432C0EF71C00F3670077C06B /* Main.storyboard */; };
		432C0EFB1C00F3670077C06B /* Assets.xcassets in Resources */ = {isa = PBXBuildFile; fileRef = 432C0EFA1C00F3670077C06B /* Assets.xcassets */; };
		432C0EFE1C00F3670077C06B /* LaunchScreen.storyboard in Resources */ = {isa = PBXBuildFile; fileRef = 432C0EFC1C00F3670077C06B /* LaunchScreen.storyboard */; };
		432C0F091C00F3670077C06B /* iOSGameTests.swift in Sources */ = {isa = PBXBuildFile; fileRef = 432C0F081C00F3670077C06B /* iOSGameTests.swift */; };
		432C0F141C00F3670077C06B /* iOSGameUITests.swift in Sources */ = {isa = PBXBuildFile; fileRef = 432C0F131C00F3670077C06B /* iOSGameUITests.swift */; };
		432C0F1F1C00F48A0077C06B /* art.scnassets in Resources */ = {isa = PBXBuildFile; fileRef = 43DA68DC1BFE795A00BED1B0 /* art.scnassets */; };
		432C0F221C00F6EC0077C06B /* art.scnassets in Resources */ = {isa = PBXBuildFile; fileRef = 43DA68DC1BFE795A00BED1B0 /* art.scnassets */; };
		435AC3AA1C2D9D1E006D0F0B /* SceneRendererDelegate.swift in Sources */ = {isa = PBXBuildFile; fileRef = 435AC3A91C2D9D1E006D0F0B /* SceneRendererDelegate.swift */; };
		435AC3AB1C2D9D1E006D0F0B /* SceneRendererDelegate.swift in Sources */ = {isa = PBXBuildFile; fileRef = 435AC3A91C2D9D1E006D0F0B /* SceneRendererDelegate.swift */; };
		435AC3AC1C2D9D1E006D0F0B /* SceneRendererDelegate.swift in Sources */ = {isa = PBXBuildFile; fileRef = 435AC3A91C2D9D1E006D0F0B /* SceneRendererDelegate.swift */; };
		4379D8331C24CC91007EF2C0 /* AppDelegate.swift in Sources */ = {isa = PBXBuildFile; fileRef = 4379D8321C24CC91007EF2C0 /* AppDelegate.swift */; };
		4379D83A1C24CC91007EF2C0 /* Main.storyboard in Resources */ = {isa = PBXBuildFile; fileRef = 4379D8381C24CC91007EF2C0 /* Main.storyboard */; };
		4379D83C1C24CC91007EF2C0 /* Assets.xcassets in Resources */ = {isa = PBXBuildFile; fileRef = 4379D83B1C24CC91007EF2C0 /* Assets.xcassets */; };
		4379D8471C24CC91007EF2C0 /* tvOSGameTests.swift in Sources */ = {isa = PBXBuildFile; fileRef = 4379D8461C24CC91007EF2C0 /* tvOSGameTests.swift */; };
		4379D8521C24CC91007EF2C0 /* tvOSGameUITests.swift in Sources */ = {isa = PBXBuildFile; fileRef = 4379D8511C24CC91007EF2C0 /* tvOSGameUITests.swift */; };
		4379D85D1C24CD0D007EF2C0 /* GameTests.swift in Sources */ = {isa = PBXBuildFile; fileRef = 43DA68F11BFE795A00BED1B0 /* GameTests.swift */; };
		4379D8601C24CD51007EF2C0 /* art.scnassets in Resources */ = {isa = PBXBuildFile; fileRef = 43DA68DC1BFE795A00BED1B0 /* art.scnassets */; };
		437A2AC01C20904700ED6EEC /* Math.swift in Sources */ = {isa = PBXBuildFile; fileRef = 437A2ABF1C20904700ED6EEC /* Math.swift */; };
		437A2ACE1C209D1000ED6EEC /* VectorialAlgebra.swift in Sources */ = {isa = PBXBuildFile; fileRef = 437A2ACD1C209D1000ED6EEC /* VectorialAlgebra.swift */; };
		43BA6CC21C2691D000FB99E4 /* Gameplay.swift in Sources */ = {isa = PBXBuildFile; fileRef = 43BA6CC11C2691D000FB99E4 /* Gameplay.swift */; };
		43BA6CC31C2691D000FB99E4 /* Gameplay.swift in Sources */ = {isa = PBXBuildFile; fileRef = 43BA6CC11C2691D000FB99E4 /* Gameplay.swift */; };
		43BA6CC41C2691D000FB99E4 /* Gameplay.swift in Sources */ = {isa = PBXBuildFile; fileRef = 43BA6CC11C2691D000FB99E4 /* Gameplay.swift */; };
		43BA6D661C277C7800FB99E4 /* Character.swift in Sources */ = {isa = PBXBuildFile; fileRef = 43BA6D601C277C7800FB99E4 /* Character.swift */; };
		43BA6D671C277C7800FB99E4 /* Character.swift in Sources */ = {isa = PBXBuildFile; fileRef = 43BA6D601C277C7800FB99E4 /* Character.swift */; };
		43BA6D681C277C7800FB99E4 /* Character.swift in Sources */ = {isa = PBXBuildFile; fileRef = 43BA6D601C277C7800FB99E4 /* Character.swift */; };
		43BA6D691C277C7800FB99E4 /* GameControls.swift in Sources */ = {isa = PBXBuildFile; fileRef = 43BA6D611C277C7800FB99E4 /* GameControls.swift */; };
		43BA6D6A1C277C7800FB99E4 /* GameControls.swift in Sources */ = {isa = PBXBuildFile; fileRef = 43BA6D611C277C7800FB99E4 /* GameControls.swift */; };
		43BA6D6B1C277C7800FB99E4 /* GameControls.swift in Sources */ = {isa = PBXBuildFile; fileRef = 43BA6D611C277C7800FB99E4 /* GameControls.swift */; };
		43BA6D6C1C277C7800FB99E4 /* GameView.swift in Sources */ = {isa = PBXBuildFile; fileRef = 43BA6D621C277C7800FB99E4 /* GameView.swift */; };
		43BA6D6D1C277C7800FB99E4 /* GameView.swift in Sources */ = {isa = PBXBuildFile; fileRef = 43BA6D621C277C7800FB99E4 /* GameView.swift */; };
		43BA6D6E1C277C7800FB99E4 /* GameView.swift in Sources */ = {isa = PBXBuildFile; fileRef = 43BA6D621C277C7800FB99E4 /* GameView.swift */; };
		43BA6D6F1C277C7800FB99E4 /* GameViewController.swift in Sources */ = {isa = PBXBuildFile; fileRef = 43BA6D631C277C7800FB99E4 /* GameViewController.swift */; };
		43BA6D701C277C7800FB99E4 /* GameViewController.swift in Sources */ = {isa = PBXBuildFile; fileRef = 43BA6D631C277C7800FB99E4 /* GameViewController.swift */; };
		43BA6D711C277C7800FB99E4 /* GameViewController.swift in Sources */ = {isa = PBXBuildFile; fileRef = 43BA6D631C277C7800FB99E4 /* GameViewController.swift */; };
		43BA6D721C277C7800FB99E4 /* SceneKitExtensions.swift in Sources */ = {isa = PBXBuildFile; fileRef = 43BA6D641C277C7800FB99E4 /* SceneKitExtensions.swift */; };
		43BA6D731C277C7800FB99E4 /* SceneKitExtensions.swift in Sources */ = {isa = PBXBuildFile; fileRef = 43BA6D641C277C7800FB99E4 /* SceneKitExtensions.swift */; };
		43BA6D741C277C7800FB99E4 /* SceneKitExtensions.swift in Sources */ = {isa = PBXBuildFile; fileRef = 43BA6D641C277C7800FB99E4 /* SceneKitExtensions.swift */; };
		43BA6D751C277C7800FB99E4 /* SCNSIMDOverlay.swift in Sources */ = {isa = PBXBuildFile; fileRef = 43BA6D651C277C7800FB99E4 /* SCNSIMDOverlay.swift */; };
		43BA6D761C277C7800FB99E4 /* SCNSIMDOverlay.swift in Sources */ = {isa = PBXBuildFile; fileRef = 43BA6D651C277C7800FB99E4 /* SCNSIMDOverlay.swift */; };
		43BA6D771C277C7800FB99E4 /* SCNSIMDOverlay.swift in Sources */ = {isa = PBXBuildFile; fileRef = 43BA6D651C277C7800FB99E4 /* SCNSIMDOverlay.swift */; };
		43BA6D861C277FD700FB99E4 /* game.scnassets in Resources */ = {isa = PBXBuildFile; fileRef = 43BA6D781C277FD700FB99E4 /* game.scnassets */; };
		43BA6D871C277FD700FB99E4 /* game.scnassets in Resources */ = {isa = PBXBuildFile; fileRef = 43BA6D781C277FD700FB99E4 /* game.scnassets */; };
		43BA6D881C277FD700FB99E4 /* game.scnassets in Resources */ = {isa = PBXBuildFile; fileRef = 43BA6D781C277FD700FB99E4 /* game.scnassets */; };
		43BA6D891C277FD700FB99E4 /* congratulations.png in Resources */ = {isa = PBXBuildFile; fileRef = 43BA6D7A1C277FD700FB99E4 /* congratulations.png */; };
		43BA6D8A1C277FD700FB99E4 /* congratulations.png in Resources */ = {isa = PBXBuildFile; fileRef = 43BA6D7A1C277FD700FB99E4 /* congratulations.png */; };
		43BA6D8B1C277FD700FB99E4 /* congratulations.png in Resources */ = {isa = PBXBuildFile; fileRef = 43BA6D7A1C277FD700FB99E4 /* congratulations.png */; };
		43BA6D8C1C277FD700FB99E4 /* congratulations_pandaMax.png in Resources */ = {isa = PBXBuildFile; fileRef = 43BA6D7B1C277FD700FB99E4 /* congratulations_pandaMax.png */; };
		43BA6D8D1C277FD700FB99E4 /* congratulations_pandaMax.png in Resources */ = {isa = PBXBuildFile; fileRef = 43BA6D7B1C277FD700FB99E4 /* congratulations_pandaMax.png */; };
		43BA6D8E1C277FD700FB99E4 /* congratulations_pandaMax.png in Resources */ = {isa = PBXBuildFile; fileRef = 43BA6D7B1C277FD700FB99E4 /* congratulations_pandaMax.png */; };
		43BA6D8F1C277FD700FB99E4 /* dpad.png in Resources */ = {isa = PBXBuildFile; fileRef = 43BA6D7C1C277FD700FB99E4 /* dpad.png */; };
		43BA6D901C277FD700FB99E4 /* dpad.png in Resources */ = {isa = PBXBuildFile; fileRef = 43BA6D7C1C277FD700FB99E4 /* dpad.png */; };
		43BA6D911C277FD700FB99E4 /* dpad.png in Resources */ = {isa = PBXBuildFile; fileRef = 43BA6D7C1C277FD700FB99E4 /* dpad.png */; };
		43BA6D921C277FD700FB99E4 /* FlowerEmpty.png in Resources */ = {isa = PBXBuildFile; fileRef = 43BA6D7D1C277FD700FB99E4 /* FlowerEmpty.png */; };
		43BA6D931C277FD700FB99E4 /* FlowerEmpty.png in Resources */ = {isa = PBXBuildFile; fileRef = 43BA6D7D1C277FD700FB99E4 /* FlowerEmpty.png */; };
		43BA6D941C277FD700FB99E4 /* FlowerEmpty.png in Resources */ = {isa = PBXBuildFile; fileRef = 43BA6D7D1C277FD700FB99E4 /* FlowerEmpty.png */; };
		43BA6D951C277FD700FB99E4 /* FlowerFull.png in Resources */ = {isa = PBXBuildFile; fileRef = 43BA6D7E1C277FD700FB99E4 /* FlowerFull.png */; };
		43BA6D961C277FD700FB99E4 /* FlowerFull.png in Resources */ = {isa = PBXBuildFile; fileRef = 43BA6D7E1C277FD700FB99E4 /* FlowerFull.png */; };
		43BA6D971C277FD700FB99E4 /* FlowerFull.png in Resources */ = {isa = PBXBuildFile; fileRef = 43BA6D7E1C277FD700FB99E4 /* FlowerFull.png */; };
		43BA6D981C277FD700FB99E4 /* ItemsPearl.png in Resources */ = {isa = PBXBuildFile; fileRef = 43BA6D7F1C277FD700FB99E4 /* ItemsPearl.png */; };
		43BA6D991C277FD700FB99E4 /* ItemsPearl.png in Resources */ = {isa = PBXBuildFile; fileRef = 43BA6D7F1C277FD700FB99E4 /* ItemsPearl.png */; };
		43BA6D9A1C277FD700FB99E4 /* ItemsPearl.png in Resources */ = {isa = PBXBuildFile; fileRef = 43BA6D7F1C277FD700FB99E4 /* ItemsPearl.png */; };
		43BA6D9B1C277FD700FB99E4 /* MaxIcon.png in Resources */ = {isa = PBXBuildFile; fileRef = 43BA6D801C277FD700FB99E4 /* MaxIcon.png */; };
		43BA6D9C1C277FD700FB99E4 /* MaxIcon.png in Resources */ = {isa = PBXBuildFile; fileRef = 43BA6D801C277FD700FB99E4 /* MaxIcon.png */; };
		43BA6D9D1C277FD700FB99E4 /* MaxIcon.png in Resources */ = {isa = PBXBuildFile; fileRef = 43BA6D801C277FD700FB99E4 /* MaxIcon.png */; };
		43BA6D9E1C277FD700FB99E4 /* collect.scnp in Resources */ = {isa = PBXBuildFile; fileRef = 43BA6D821C277FD700FB99E4 /* collect.scnp */; };
		43BA6D9F1C277FD700FB99E4 /* collect.scnp in Resources */ = {isa = PBXBuildFile; fileRef = 43BA6D821C277FD700FB99E4 /* collect.scnp */; };
		43BA6DA01C277FD700FB99E4 /* collect.scnp in Resources */ = {isa = PBXBuildFile; fileRef = 43BA6D821C277FD700FB99E4 /* collect.scnp */; };
		43BA6DA11C277FD700FB99E4 /* confetti.png in Resources */ = {isa = PBXBuildFile; fileRef = 43BA6D831C277FD700FB99E4 /* confetti.png */; };
		43BA6DA21C277FD700FB99E4 /* confetti.png in Resources */ = {isa = PBXBuildFile; fileRef = 43BA6D831C277FD700FB99E4 /* confetti.png */; };
		43BA6DA31C277FD700FB99E4 /* confetti.png in Resources */ = {isa = PBXBuildFile; fileRef = 43BA6D831C277FD700FB99E4 /* confetti.png */; };
		43BA6DA41C277FD700FB99E4 /* confetti.scnp in Resources */ = {isa = PBXBuildFile; fileRef = 43BA6D841C277FD700FB99E4 /* confetti.scnp */; };
		43BA6DA51C277FD700FB99E4 /* confetti.scnp in Resources */ = {isa = PBXBuildFile; fileRef = 43BA6D841C277FD700FB99E4 /* confetti.scnp */; };
		43BA6DA61C277FD700FB99E4 /* confetti.scnp in Resources */ = {isa = PBXBuildFile; fileRef = 43BA6D841C277FD700FB99E4 /* confetti.scnp */; };
		43BA6DA71C277FD700FB99E4 /* glow01.png in Resources */ = {isa = PBXBuildFile; fileRef = 43BA6D851C277FD700FB99E4 /* glow01.png */; };
		43BA6DA81C277FD700FB99E4 /* glow01.png in Resources */ = {isa = PBXBuildFile; fileRef = 43BA6D851C277FD700FB99E4 /* glow01.png */; };
		43BA6DA91C277FD700FB99E4 /* glow01.png in Resources */ = {isa = PBXBuildFile; fileRef = 43BA6D851C277FD700FB99E4 /* glow01.png */; };
/* End PBXBuildFile section */

/* Begin PBXContainerItemProxy section */
		432C0ED11C00F1F20077C06B /* PBXContainerItemProxy */ = {
			isa = PBXContainerItemProxy;
			containerPortal = 43DA68CF1BFE795A00BED1B0 /* Project object */;
			proxyType = 1;
			remoteGlobalIDString = 432C0EBB1C00F1F10077C06B;
			remoteInfo = OSXGame;
		};
		432C0EDC1C00F1F20077C06B /* PBXContainerItemProxy */ = {
			isa = PBXContainerItemProxy;
			containerPortal = 43DA68CF1BFE795A00BED1B0 /* Project object */;
			proxyType = 1;
			remoteGlobalIDString = 432C0EBB1C00F1F10077C06B;
			remoteInfo = OSXGame;
		};
		432C0F051C00F3670077C06B /* PBXContainerItemProxy */ = {
			isa = PBXContainerItemProxy;
			containerPortal = 43DA68CF1BFE795A00BED1B0 /* Project object */;
			proxyType = 1;
			remoteGlobalIDString = 432C0EEE1C00F3670077C06B;
			remoteInfo = iOSGame;
		};
		432C0F101C00F3670077C06B /* PBXContainerItemProxy */ = {
			isa = PBXContainerItemProxy;
			containerPortal = 43DA68CF1BFE795A00BED1B0 /* Project object */;
			proxyType = 1;
			remoteGlobalIDString = 432C0EEE1C00F3670077C06B;
			remoteInfo = iOSGame;
		};
		4379D8431C24CC91007EF2C0 /* PBXContainerItemProxy */ = {
			isa = PBXContainerItemProxy;
			containerPortal = 43DA68CF1BFE795A00BED1B0 /* Project object */;
			proxyType = 1;
			remoteGlobalIDString = 4379D82F1C24CC91007EF2C0;
			remoteInfo = tvOSGame;
		};
		4379D84E1C24CC91007EF2C0 /* PBXContainerItemProxy */ = {
			isa = PBXContainerItemProxy;
			containerPortal = 43DA68CF1BFE795A00BED1B0 /* Project object */;
			proxyType = 1;
			remoteGlobalIDString = 4379D82F1C24CC91007EF2C0;
			remoteInfo = tvOSGame;
		};
/* End PBXContainerItemProxy section */

/* Begin PBXFileReference section */
		432C0EBC1C00F1F10077C06B /* OSXGame.app */ = {isa = PBXFileReference; explicitFileType = wrapper.application; includeInIndex = 0; path = OSXGame.app; sourceTree = BUILT_PRODUCTS_DIR; };
		432C0EBE1C00F1F10077C06B /* AppDelegate.swift */ = {isa = PBXFileReference; lastKnownFileType = sourcecode.swift; path = AppDelegate.swift; sourceTree = "<group>"; };
		432C0EC61C00F1F20077C06B /* Assets.xcassets */ = {isa = PBXFileReference; lastKnownFileType = folder.assetcatalog; path = Assets.xcassets; sourceTree = "<group>"; };
		432C0EC91C00F1F20077C06B /* Base */ = {isa = PBXFileReference; lastKnownFileType = file.xib; name = Base; path = Base.lproj/MainMenu.xib; sourceTree = "<group>"; };
		432C0ECB1C00F1F20077C06B /* Info.plist */ = {isa = PBXFileReference; lastKnownFileType = text.plist.xml; path = Info.plist; sourceTree = "<group>"; };
		432C0ED01C00F1F20077C06B /* OSXGameTests.xctest */ = {isa = PBXFileReference; explicitFileType = wrapper.cfbundle; includeInIndex = 0; path = OSXGameTests.xctest; sourceTree = BUILT_PRODUCTS_DIR; };
		432C0ED41C00F1F20077C06B /* OSXGameTests.swift */ = {isa = PBXFileReference; lastKnownFileType = sourcecode.swift; path = OSXGameTests.swift; sourceTree = "<group>"; };
		432C0ED61C00F1F20077C06B /* Info.plist */ = {isa = PBXFileReference; lastKnownFileType = text.plist.xml; path = Info.plist; sourceTree = "<group>"; };
		432C0EDB1C00F1F20077C06B /* OSXGameUITests.xctest */ = {isa = PBXFileReference; explicitFileType = wrapper.cfbundle; includeInIndex = 0; path = OSXGameUITests.xctest; sourceTree = BUILT_PRODUCTS_DIR; };
		432C0EDF1C00F1F20077C06B /* OSXGameUITests.swift */ = {isa = PBXFileReference; lastKnownFileType = sourcecode.swift; path = OSXGameUITests.swift; sourceTree = "<group>"; };
		432C0EE11C00F1F20077C06B /* Info.plist */ = {isa = PBXFileReference; lastKnownFileType = text.plist.xml; path = Info.plist; sourceTree = "<group>"; };
		432C0EEF1C00F3670077C06B /* iOSGame.app */ = {isa = PBXFileReference; explicitFileType = wrapper.application; includeInIndex = 0; path = iOSGame.app; sourceTree = BUILT_PRODUCTS_DIR; };
		432C0EF11C00F3670077C06B /* AppDelegate.swift */ = {isa = PBXFileReference; lastKnownFileType = sourcecode.swift; path = AppDelegate.swift; sourceTree = "<group>"; };
		432C0EF81C00F3670077C06B /* Base */ = {isa = PBXFileReference; lastKnownFileType = file.storyboard; name = Base; path = Base.lproj/Main.storyboard; sourceTree = "<group>"; };
		432C0EFA1C00F3670077C06B /* Assets.xcassets */ = {isa = PBXFileReference; lastKnownFileType = folder.assetcatalog; path = Assets.xcassets; sourceTree = "<group>"; };
		432C0EFD1C00F3670077C06B /* Base */ = {isa = PBXFileReference; lastKnownFileType = file.storyboard; name = Base; path = Base.lproj/LaunchScreen.storyboard; sourceTree = "<group>"; };
		432C0EFF1C00F3670077C06B /* Info.plist */ = {isa = PBXFileReference; lastKnownFileType = text.plist.xml; path = Info.plist; sourceTree = "<group>"; };
		432C0F041C00F3670077C06B /* iOSGameTests.xctest */ = {isa = PBXFileReference; explicitFileType = wrapper.cfbundle; includeInIndex = 0; path = iOSGameTests.xctest; sourceTree = BUILT_PRODUCTS_DIR; };
		432C0F081C00F3670077C06B /* iOSGameTests.swift */ = {isa = PBXFileReference; lastKnownFileType = sourcecode.swift; path = iOSGameTests.swift; sourceTree = "<group>"; };
		432C0F0A1C00F3670077C06B /* Info.plist */ = {isa = PBXFileReference; lastKnownFileType = text.plist.xml; path = Info.plist; sourceTree = "<group>"; };
		432C0F0F1C00F3670077C06B /* iOSGameUITests.xctest */ = {isa = PBXFileReference; explicitFileType = wrapper.cfbundle; includeInIndex = 0; path = iOSGameUITests.xctest; sourceTree = BUILT_PRODUCTS_DIR; };
		432C0F131C00F3670077C06B /* iOSGameUITests.swift */ = {isa = PBXFileReference; lastKnownFileType = sourcecode.swift; path = iOSGameUITests.swift; sourceTree = "<group>"; };
		432C0F151C00F3670077C06B /* Info.plist */ = {isa = PBXFileReference; lastKnownFileType = text.plist.xml; path = Info.plist; sourceTree = "<group>"; };
		435AC3A91C2D9D1E006D0F0B /* SceneRendererDelegate.swift */ = {isa = PBXFileReference; fileEncoding = 4; lastKnownFileType = sourcecode.swift; path = SceneRendererDelegate.swift; sourceTree = "<group>"; };
		4379D82A1C24CB7D007EF2C0 /* Playground.playground */ = {isa = PBXFileReference; lastKnownFileType = file.playground; path = Playground.playground; sourceTree = "<group>"; };
		4379D82B1C24CBF7007EF2C0 /* Playground.playground */ = {isa = PBXFileReference; lastKnownFileType = file.playground; path = Playground.playground; sourceTree = "<group>"; };
		4379D8301C24CC91007EF2C0 /* tvOSGame.app */ = {isa = PBXFileReference; explicitFileType = wrapper.application; includeInIndex = 0; path = tvOSGame.app; sourceTree = BUILT_PRODUCTS_DIR; };
		4379D8321C24CC91007EF2C0 /* AppDelegate.swift */ = {isa = PBXFileReference; lastKnownFileType = sourcecode.swift; path = AppDelegate.swift; sourceTree = "<group>"; };
		4379D8391C24CC91007EF2C0 /* Base */ = {isa = PBXFileReference; lastKnownFileType = file.storyboard; name = Base; path = Base.lproj/Main.storyboard; sourceTree = "<group>"; };
		4379D83B1C24CC91007EF2C0 /* Assets.xcassets */ = {isa = PBXFileReference; lastKnownFileType = folder.assetcatalog; path = Assets.xcassets; sourceTree = "<group>"; };
		4379D83D1C24CC91007EF2C0 /* Info.plist */ = {isa = PBXFileReference; lastKnownFileType = text.plist.xml; path = Info.plist; sourceTree = "<group>"; };
		4379D8421C24CC91007EF2C0 /* tvOSGameTests.xctest */ = {isa = PBXFileReference; explicitFileType = wrapper.cfbundle; includeInIndex = 0; path = tvOSGameTests.xctest; sourceTree = BUILT_PRODUCTS_DIR; };
		4379D8461C24CC91007EF2C0 /* tvOSGameTests.swift */ = {isa = PBXFileReference; lastKnownFileType = sourcecode.swift; path = tvOSGameTests.swift; sourceTree = "<group>"; };
		4379D8481C24CC91007EF2C0 /* Info.plist */ = {isa = PBXFileReference; lastKnownFileType = text.plist.xml; path = Info.plist; sourceTree = "<group>"; };
		4379D84D1C24CC91007EF2C0 /* tvOSGameUITests.xctest */ = {isa = PBXFileReference; explicitFileType = wrapper.cfbundle; includeInIndex = 0; path = tvOSGameUITests.xctest; sourceTree = BUILT_PRODUCTS_DIR; };
		4379D8511C24CC91007EF2C0 /* tvOSGameUITests.swift */ = {isa = PBXFileReference; lastKnownFileType = sourcecode.swift; path = tvOSGameUITests.swift; sourceTree = "<group>"; };
		4379D8531C24CC91007EF2C0 /* Info.plist */ = {isa = PBXFileReference; lastKnownFileType = text.plist.xml; path = Info.plist; sourceTree = "<group>"; };
		437A2ABF1C20904700ED6EEC /* Math.swift */ = {isa = PBXFileReference; fileEncoding = 4; lastKnownFileType = sourcecode.swift; path = Math.swift; sourceTree = "<group>"; };
		437A2ACD1C209D1000ED6EEC /* VectorialAlgebra.swift */ = {isa = PBXFileReference; fileEncoding = 4; lastKnownFileType = sourcecode.swift; name = VectorialAlgebra.swift; path = ../OSXGame/VectorialAlgebra.swift; sourceTree = "<group>"; };
		43BA6CC01C24F9A900FB99E4 /* Playground.playground */ = {isa = PBXFileReference; lastKnownFileType = file.playground; path = Playground.playground; sourceTree = "<group>"; };
		43BA6CC11C2691D000FB99E4 /* Gameplay.swift */ = {isa = PBXFileReference; fileEncoding = 4; lastKnownFileType = sourcecode.swift; path = Gameplay.swift; sourceTree = "<group>"; };
		43BA6D601C277C7800FB99E4 /* Character.swift */ = {isa = PBXFileReference; fileEncoding = 4; lastKnownFileType = sourcecode.swift; path = Character.swift; sourceTree = "<group>"; };
		43BA6D611C277C7800FB99E4 /* GameControls.swift */ = {isa = PBXFileReference; fileEncoding = 4; lastKnownFileType = sourcecode.swift; path = GameControls.swift; sourceTree = "<group>"; };
		43BA6D621C277C7800FB99E4 /* GameView.swift */ = {isa = PBXFileReference; fileEncoding = 4; lastKnownFileType = sourcecode.swift; path = GameView.swift; sourceTree = "<group>"; };
		43BA6D631C277C7800FB99E4 /* GameViewController.swift */ = {isa = PBXFileReference; fileEncoding = 4; lastKnownFileType = sourcecode.swift; path = GameViewController.swift; sourceTree = "<group>"; };
		43BA6D641C277C7800FB99E4 /* SceneKitExtensions.swift */ = {isa = PBXFileReference; fileEncoding = 4; lastKnownFileType = sourcecode.swift; path = SceneKitExtensions.swift; sourceTree = "<group>"; };
		43BA6D651C277C7800FB99E4 /* SCNSIMDOverlay.swift */ = {isa = PBXFileReference; fileEncoding = 4; lastKnownFileType = sourcecode.swift; path = SCNSIMDOverlay.swift; sourceTree = "<group>"; };
		43BA6D781C277FD700FB99E4 /* game.scnassets */ = {isa = PBXFileReference; lastKnownFileType = wrapper.scnassets; path = game.scnassets; sourceTree = "<group>"; };
		43BA6D7A1C277FD700FB99E4 /* congratulations.png */ = {isa = PBXFileReference; lastKnownFileType = image.png; path = congratulations.png; sourceTree = "<group>"; };
		43BA6D7B1C277FD700FB99E4 /* congratulations_pandaMax.png */ = {isa = PBXFileReference; lastKnownFileType = image.png; path = congratulations_pandaMax.png; sourceTree = "<group>"; };
		43BA6D7C1C277FD700FB99E4 /* dpad.png */ = {isa = PBXFileReference; lastKnownFileType = image.png; path = dpad.png; sourceTree = "<group>"; };
		43BA6D7D1C277FD700FB99E4 /* FlowerEmpty.png */ = {isa = PBXFileReference; lastKnownFileType = image.png; path = FlowerEmpty.png; sourceTree = "<group>"; };
		43BA6D7E1C277FD700FB99E4 /* FlowerFull.png */ = {isa = PBXFileReference; lastKnownFileType = image.png; path = FlowerFull.png; sourceTree = "<group>"; };
		43BA6D7F1C277FD700FB99E4 /* ItemsPearl.png */ = {isa = PBXFileReference; lastKnownFileType = image.png; path = ItemsPearl.png; sourceTree = "<group>"; };
		43BA6D801C277FD700FB99E4 /* MaxIcon.png */ = {isa = PBXFileReference; lastKnownFileType = image.png; path = MaxIcon.png; sourceTree = "<group>"; };
		43BA6D821C277FD700FB99E4 /* collect.scnp */ = {isa = PBXFileReference; lastKnownFileType = file.scp; path = collect.scnp; sourceTree = "<group>"; };
		43BA6D831C277FD700FB99E4 /* confetti.png */ = {isa = PBXFileReference; lastKnownFileType = image.png; path = confetti.png; sourceTree = "<group>"; };
		43BA6D841C277FD700FB99E4 /* confetti.scnp */ = {isa = PBXFileReference; lastKnownFileType = file.scp; path = confetti.scnp; sourceTree = "<group>"; };
		43BA6D851C277FD700FB99E4 /* glow01.png */ = {isa = PBXFileReference; lastKnownFileType = image.png; path = glow01.png; sourceTree = "<group>"; };
		43DA68DC1BFE795A00BED1B0 /* art.scnassets */ = {isa = PBXFileReference; lastKnownFileType = wrapper.scnassets; path = art.scnassets; sourceTree = "<group>"; };
		43DA68F11BFE795A00BED1B0 /* GameTests.swift */ = {isa = PBXFileReference; lastKnownFileType = sourcecode.swift; path = GameTests.swift; sourceTree = "<group>"; };
/* End PBXFileReference section */

/* Begin PBXFrameworksBuildPhase section */
		432C0EB91C00F1F10077C06B /* Frameworks */ = {
			isa = PBXFrameworksBuildPhase;
			buildActionMask = 2147483647;
			files = (
			);
			runOnlyForDeploymentPostprocessing = 0;
		};
		432C0ECD1C00F1F20077C06B /* Frameworks */ = {
			isa = PBXFrameworksBuildPhase;
			buildActionMask = 2147483647;
			files = (
			);
			runOnlyForDeploymentPostprocessing = 0;
		};
		432C0ED81C00F1F20077C06B /* Frameworks */ = {
			isa = PBXFrameworksBuildPhase;
			buildActionMask = 2147483647;
			files = (
			);
			runOnlyForDeploymentPostprocessing = 0;
		};
		432C0EEC1C00F3670077C06B /* Frameworks */ = {
			isa = PBXFrameworksBuildPhase;
			buildActionMask = 2147483647;
			files = (
			);
			runOnlyForDeploymentPostprocessing = 0;
		};
		432C0F011C00F3670077C06B /* Frameworks */ = {
			isa = PBXFrameworksBuildPhase;
			buildActionMask = 2147483647;
			files = (
			);
			runOnlyForDeploymentPostprocessing = 0;
		};
		432C0F0C1C00F3670077C06B /* Frameworks */ = {
			isa = PBXFrameworksBuildPhase;
			buildActionMask = 2147483647;
			files = (
			);
			runOnlyForDeploymentPostprocessing = 0;
		};
		4379D82D1C24CC91007EF2C0 /* Frameworks */ = {
			isa = PBXFrameworksBuildPhase;
			buildActionMask = 2147483647;
			files = (
			);
			runOnlyForDeploymentPostprocessing = 0;
		};
		4379D83F1C24CC91007EF2C0 /* Frameworks */ = {
			isa = PBXFrameworksBuildPhase;
			buildActionMask = 2147483647;
			files = (
			);
			runOnlyForDeploymentPostprocessing = 0;
		};
		4379D84A1C24CC91007EF2C0 /* Frameworks */ = {
			isa = PBXFrameworksBuildPhase;
			buildActionMask = 2147483647;
			files = (
			);
			runOnlyForDeploymentPostprocessing = 0;
		};
/* End PBXFrameworksBuildPhase section */

/* Begin PBXGroup section */
		432C0EBD1C00F1F10077C06B /* OSXGame */ = {
			isa = PBXGroup;
			children = (
				4379D82B1C24CBF7007EF2C0 /* Playground.playground */,
				432C0EBE1C00F1F10077C06B /* AppDelegate.swift */,
				432C0EC61C00F1F20077C06B /* Assets.xcassets */,
				432C0EC81C00F1F20077C06B /* MainMenu.xib */,
				432C0ECB1C00F1F20077C06B /* Info.plist */,
			);
			path = OSXGame;
			sourceTree = "<group>";
		};
		432C0ED31C00F1F20077C06B /* OSXGameTests */ = {
			isa = PBXGroup;
			children = (
				432C0ED41C00F1F20077C06B /* OSXGameTests.swift */,
				432C0ED61C00F1F20077C06B /* Info.plist */,
			);
			path = OSXGameTests;
			sourceTree = "<group>";
		};
		432C0EDE1C00F1F20077C06B /* OSXGameUITests */ = {
			isa = PBXGroup;
			children = (
				432C0EDF1C00F1F20077C06B /* OSXGameUITests.swift */,
				432C0EE11C00F1F20077C06B /* Info.plist */,
			);
			path = OSXGameUITests;
			sourceTree = "<group>";
		};
		432C0EF01C00F3670077C06B /* iOSGame */ = {
			isa = PBXGroup;
			children = (
				4379D82A1C24CB7D007EF2C0 /* Playground.playground */,
				432C0EF11C00F3670077C06B /* AppDelegate.swift */,
				432C0EF71C00F3670077C06B /* Main.storyboard */,
				432C0EFA1C00F3670077C06B /* Assets.xcassets */,
				432C0EFC1C00F3670077C06B /* LaunchScreen.storyboard */,
				432C0EFF1C00F3670077C06B /* Info.plist */,
			);
			path = iOSGame;
			sourceTree = "<group>";
		};
		432C0F071C00F3670077C06B /* iOSGameTests */ = {
			isa = PBXGroup;
			children = (
				432C0F081C00F3670077C06B /* iOSGameTests.swift */,
				432C0F0A1C00F3670077C06B /* Info.plist */,
			);
			path = iOSGameTests;
			sourceTree = "<group>";
		};
		432C0F121C00F3670077C06B /* iOSGameUITests */ = {
			isa = PBXGroup;
			children = (
				432C0F131C00F3670077C06B /* iOSGameUITests.swift */,
				432C0F151C00F3670077C06B /* Info.plist */,
			);
			path = iOSGameUITests;
			sourceTree = "<group>";
		};
		4379D8311C24CC91007EF2C0 /* tvOSGame */ = {
			isa = PBXGroup;
			children = (
				43BA6CC01C24F9A900FB99E4 /* Playground.playground */,
				4379D8321C24CC91007EF2C0 /* AppDelegate.swift */,
				4379D8381C24CC91007EF2C0 /* Main.storyboard */,
				4379D83B1C24CC91007EF2C0 /* Assets.xcassets */,
				4379D83D1C24CC91007EF2C0 /* Info.plist */,
			);
			path = tvOSGame;
			sourceTree = "<group>";
		};
		4379D8451C24CC91007EF2C0 /* tvOSGameTests */ = {
			isa = PBXGroup;
			children = (
				4379D8461C24CC91007EF2C0 /* tvOSGameTests.swift */,
				4379D8481C24CC91007EF2C0 /* Info.plist */,
			);
			path = tvOSGameTests;
			sourceTree = "<group>";
		};
		4379D8501C24CC91007EF2C0 /* tvOSGameUITests */ = {
			isa = PBXGroup;
			children = (
				4379D8511C24CC91007EF2C0 /* tvOSGameUITests.swift */,
				4379D8531C24CC91007EF2C0 /* Info.plist */,
			);
			path = tvOSGameUITests;
			sourceTree = "<group>";
		};
		43BA6D791C277FD700FB99E4 /* Overlays */ = {
			isa = PBXGroup;
			children = (
				43BA6D7A1C277FD700FB99E4 /* congratulations.png */,
				43BA6D7B1C277FD700FB99E4 /* congratulations_pandaMax.png */,
				43BA6D7C1C277FD700FB99E4 /* dpad.png */,
				43BA6D7D1C277FD700FB99E4 /* FlowerEmpty.png */,
				43BA6D7E1C277FD700FB99E4 /* FlowerFull.png */,
				43BA6D7F1C277FD700FB99E4 /* ItemsPearl.png */,
				43BA6D801C277FD700FB99E4 /* MaxIcon.png */,
			);
			path = Overlays;
			sourceTree = "<group>";
		};
		43BA6D811C277FD700FB99E4 /* Particle systems */ = {
			isa = PBXGroup;
			children = (
				43BA6D821C277FD700FB99E4 /* collect.scnp */,
				43BA6D831C277FD700FB99E4 /* confetti.png */,
				43BA6D841C277FD700FB99E4 /* confetti.scnp */,
				43BA6D851C277FD700FB99E4 /* glow01.png */,
			);
			path = "Particle systems";
			sourceTree = "<group>";
		};
		43DA68CE1BFE795A00BED1B0 = {
			isa = PBXGroup;
			children = (
				43DA68D91BFE795A00BED1B0 /* Game */,
				43DA68F01BFE795A00BED1B0 /* GameTests */,
				432C0EBD1C00F1F10077C06B /* OSXGame */,
				432C0ED31C00F1F20077C06B /* OSXGameTests */,
				432C0EDE1C00F1F20077C06B /* OSXGameUITests */,
				432C0EF01C00F3670077C06B /* iOSGame */,
				432C0F071C00F3670077C06B /* iOSGameTests */,
				432C0F121C00F3670077C06B /* iOSGameUITests */,
				4379D8311C24CC91007EF2C0 /* tvOSGame */,
				4379D8451C24CC91007EF2C0 /* tvOSGameTests */,
				4379D8501C24CC91007EF2C0 /* tvOSGameUITests */,
				43DA68D81BFE795A00BED1B0 /* Products */,
			);
			sourceTree = "<group>";
		};
		43DA68D81BFE795A00BED1B0 /* Products */ = {
			isa = PBXGroup;
			children = (
				432C0EBC1C00F1F10077C06B /* OSXGame.app */,
				432C0ED01C00F1F20077C06B /* OSXGameTests.xctest */,
				432C0EDB1C00F1F20077C06B /* OSXGameUITests.xctest */,
				432C0EEF1C00F3670077C06B /* iOSGame.app */,
				432C0F041C00F3670077C06B /* iOSGameTests.xctest */,
				432C0F0F1C00F3670077C06B /* iOSGameUITests.xctest */,
				4379D8301C24CC91007EF2C0 /* tvOSGame.app */,
				4379D8421C24CC91007EF2C0 /* tvOSGameTests.xctest */,
				4379D84D1C24CC91007EF2C0 /* tvOSGameUITests.xctest */,
			);
			name = Products;
			sourceTree = "<group>";
		};
		43DA68D91BFE795A00BED1B0 /* Game */ = {
			isa = PBXGroup;
			children = (
				43BA6CC11C2691D000FB99E4 /* Gameplay.swift */,
				43BA6D601C277C7800FB99E4 /* Character.swift */,
				43BA6D611C277C7800FB99E4 /* GameControls.swift */,
				43BA6D621C277C7800FB99E4 /* GameView.swift */,
				43BA6D631C277C7800FB99E4 /* GameViewController.swift */,
				435AC3A91C2D9D1E006D0F0B /* SceneRendererDelegate.swift */,
				43BA6D641C277C7800FB99E4 /* SceneKitExtensions.swift */,
				437A2ABF1C20904700ED6EEC /* Math.swift */,
				43BA6D651C277C7800FB99E4 /* SCNSIMDOverlay.swift */,
				437A2ACD1C209D1000ED6EEC /* VectorialAlgebra.swift */,
				43BA6D781C277FD700FB99E4 /* game.scnassets */,
				43BA6D791C277FD700FB99E4 /* Overlays */,
				43BA6D811C277FD700FB99E4 /* Particle systems */,
				43DA68DC1BFE795A00BED1B0 /* art.scnassets */,
			);
			path = Game;
			sourceTree = "<group>";
		};
		43DA68F01BFE795A00BED1B0 /* GameTests */ = {
			isa = PBXGroup;
			children = (
				43DA68F11BFE795A00BED1B0 /* GameTests.swift */,
			);
			path = GameTests;
			sourceTree = "<group>";
		};
/* End PBXGroup section */

/* Begin PBXNativeTarget section */
		432C0EBB1C00F1F10077C06B /* OSXGame */ = {
			isa = PBXNativeTarget;
			buildConfigurationList = 432C0EE81C00F1F20077C06B /* Build configuration list for PBXNativeTarget "OSXGame" */;
			buildPhases = (
				432C0EB81C00F1F10077C06B /* Sources */,
				432C0EB91C00F1F10077C06B /* Frameworks */,
				432C0EBA1C00F1F10077C06B /* Resources */,
			);
			buildRules = (
			);
			dependencies = (
			);
			name = OSXGame;
			productName = OSXGame;
			productReference = 432C0EBC1C00F1F10077C06B /* OSXGame.app */;
			productType = "com.apple.product-type.application";
		};
		432C0ECF1C00F1F20077C06B /* OSXGameTests */ = {
			isa = PBXNativeTarget;
			buildConfigurationList = 432C0EE91C00F1F20077C06B /* Build configuration list for PBXNativeTarget "OSXGameTests" */;
			buildPhases = (
				432C0ECC1C00F1F20077C06B /* Sources */,
				432C0ECD1C00F1F20077C06B /* Frameworks */,
				432C0ECE1C00F1F20077C06B /* Resources */,
			);
			buildRules = (
			);
			dependencies = (
				432C0ED21C00F1F20077C06B /* PBXTargetDependency */,
			);
			name = OSXGameTests;
			productName = OSXGameTests;
			productReference = 432C0ED01C00F1F20077C06B /* OSXGameTests.xctest */;
			productType = "com.apple.product-type.bundle.unit-test";
		};
		432C0EDA1C00F1F20077C06B /* OSXGameUITests */ = {
			isa = PBXNativeTarget;
			buildConfigurationList = 432C0EEA1C00F1F20077C06B /* Build configuration list for PBXNativeTarget "OSXGameUITests" */;
			buildPhases = (
				432C0ED71C00F1F20077C06B /* Sources */,
				432C0ED81C00F1F20077C06B /* Frameworks */,
				432C0ED91C00F1F20077C06B /* Resources */,
			);
			buildRules = (
			);
			dependencies = (
				432C0EDD1C00F1F20077C06B /* PBXTargetDependency */,
			);
			name = OSXGameUITests;
			productName = OSXGameUITests;
			productReference = 432C0EDB1C00F1F20077C06B /* OSXGameUITests.xctest */;
			productType = "com.apple.product-type.bundle.ui-testing";
		};
		432C0EEE1C00F3670077C06B /* iOSGame */ = {
			isa = PBXNativeTarget;
			buildConfigurationList = 432C0F161C00F3670077C06B /* Build configuration list for PBXNativeTarget "iOSGame" */;
			buildPhases = (
				432C0EEB1C00F3670077C06B /* Sources */,
				432C0EEC1C00F3670077C06B /* Frameworks */,
				432C0EED1C00F3670077C06B /* Resources */,
			);
			buildRules = (
			);
			dependencies = (
			);
			name = iOSGame;
			productName = iOSGame;
			productReference = 432C0EEF1C00F3670077C06B /* iOSGame.app */;
			productType = "com.apple.product-type.application";
		};
		432C0F031C00F3670077C06B /* iOSGameTests */ = {
			isa = PBXNativeTarget;
			buildConfigurationList = 432C0F191C00F3670077C06B /* Build configuration list for PBXNativeTarget "iOSGameTests" */;
			buildPhases = (
				432C0F001C00F3670077C06B /* Sources */,
				432C0F011C00F3670077C06B /* Frameworks */,
				432C0F021C00F3670077C06B /* Resources */,
			);
			buildRules = (
			);
			dependencies = (
				432C0F061C00F3670077C06B /* PBXTargetDependency */,
			);
			name = iOSGameTests;
			productName = iOSGameTests;
			productReference = 432C0F041C00F3670077C06B /* iOSGameTests.xctest */;
			productType = "com.apple.product-type.bundle.unit-test";
		};
		432C0F0E1C00F3670077C06B /* iOSGameUITests */ = {
			isa = PBXNativeTarget;
			buildConfigurationList = 432C0F1C1C00F3670077C06B /* Build configuration list for PBXNativeTarget "iOSGameUITests" */;
			buildPhases = (
				432C0F0B1C00F3670077C06B /* Sources */,
				432C0F0C1C00F3670077C06B /* Frameworks */,
				432C0F0D1C00F3670077C06B /* Resources */,
			);
			buildRules = (
			);
			dependencies = (
				432C0F111C00F3670077C06B /* PBXTargetDependency */,
			);
			name = iOSGameUITests;
			productName = iOSGameUITests;
			productReference = 432C0F0F1C00F3670077C06B /* iOSGameUITests.xctest */;
			productType = "com.apple.product-type.bundle.ui-testing";
		};
		4379D82F1C24CC91007EF2C0 /* tvOSGame */ = {
			isa = PBXNativeTarget;
			buildConfigurationList = 4379D8541C24CC91007EF2C0 /* Build configuration list for PBXNativeTarget "tvOSGame" */;
			buildPhases = (
				4379D82C1C24CC91007EF2C0 /* Sources */,
				4379D82D1C24CC91007EF2C0 /* Frameworks */,
				4379D82E1C24CC91007EF2C0 /* Resources */,
			);
			buildRules = (
			);
			dependencies = (
			);
			name = tvOSGame;
			productName = tvOSGame;
			productReference = 4379D8301C24CC91007EF2C0 /* tvOSGame.app */;
			productType = "com.apple.product-type.application";
		};
		4379D8411C24CC91007EF2C0 /* tvOSGameTests */ = {
			isa = PBXNativeTarget;
			buildConfigurationList = 4379D8571C24CC91007EF2C0 /* Build configuration list for PBXNativeTarget "tvOSGameTests" */;
			buildPhases = (
				4379D83E1C24CC91007EF2C0 /* Sources */,
				4379D83F1C24CC91007EF2C0 /* Frameworks */,
				4379D8401C24CC91007EF2C0 /* Resources */,
			);
			buildRules = (
			);
			dependencies = (
				4379D8441C24CC91007EF2C0 /* PBXTargetDependency */,
			);
			name = tvOSGameTests;
			productName = tvOSGameTests;
			productReference = 4379D8421C24CC91007EF2C0 /* tvOSGameTests.xctest */;
			productType = "com.apple.product-type.bundle.unit-test";
		};
		4379D84C1C24CC91007EF2C0 /* tvOSGameUITests */ = {
			isa = PBXNativeTarget;
			buildConfigurationList = 4379D85A1C24CC91007EF2C0 /* Build configuration list for PBXNativeTarget "tvOSGameUITests" */;
			buildPhases = (
				4379D8491C24CC91007EF2C0 /* Sources */,
				4379D84A1C24CC91007EF2C0 /* Frameworks */,
				4379D84B1C24CC91007EF2C0 /* Resources */,
			);
			buildRules = (
			);
			dependencies = (
				4379D84F1C24CC91007EF2C0 /* PBXTargetDependency */,
			);
			name = tvOSGameUITests;
			productName = tvOSGameUITests;
			productReference = 4379D84D1C24CC91007EF2C0 /* tvOSGameUITests.xctest */;
			productType = "com.apple.product-type.bundle.ui-testing";
		};
/* End PBXNativeTarget section */

/* Begin PBXProject section */
		43DA68CF1BFE795A00BED1B0 /* Project object */ = {
			isa = PBXProject;
			attributes = {
				LastSwiftUpdateCheck = 0710;
				LastUpgradeCheck = 0710;
				ORGANIZATIONNAME = Julio;
				TargetAttributes = {
					432C0EBB1C00F1F10077C06B = {
						CreatedOnToolsVersion = 7.1;
					};
					432C0ECF1C00F1F20077C06B = {
						CreatedOnToolsVersion = 7.1;
						TestTargetID = 432C0EBB1C00F1F10077C06B;
					};
					432C0EDA1C00F1F20077C06B = {
						CreatedOnToolsVersion = 7.1;
						TestTargetID = 432C0EBB1C00F1F10077C06B;
					};
					432C0EEE1C00F3670077C06B = {
						CreatedOnToolsVersion = 7.1;
					};
					432C0F031C00F3670077C06B = {
						CreatedOnToolsVersion = 7.1;
						TestTargetID = 432C0EEE1C00F3670077C06B;
					};
					432C0F0E1C00F3670077C06B = {
						CreatedOnToolsVersion = 7.1;
						TestTargetID = 432C0EEE1C00F3670077C06B;
					};
					4379D82F1C24CC91007EF2C0 = {
						CreatedOnToolsVersion = 7.1.1;
					};
					4379D8411C24CC91007EF2C0 = {
						CreatedOnToolsVersion = 7.1.1;
						TestTargetID = 4379D82F1C24CC91007EF2C0;
					};
					4379D84C1C24CC91007EF2C0 = {
						CreatedOnToolsVersion = 7.1.1;
						TestTargetID = 4379D82F1C24CC91007EF2C0;
					};
				};
			};
			buildConfigurationList = 43DA68D21BFE795A00BED1B0 /* Build configuration list for PBXProject "Game" */;
			compatibilityVersion = "Xcode 3.2";
			developmentRegion = English;
			hasScannedForEncodings = 0;
			knownRegions = (
				en,
				Base,
			);
			mainGroup = 43DA68CE1BFE795A00BED1B0;
			productRefGroup = 43DA68D81BFE795A00BED1B0 /* Products */;
			projectDirPath = "";
			projectRoot = "";
			targets = (
				432C0EBB1C00F1F10077C06B /* OSXGame */,
				432C0ECF1C00F1F20077C06B /* OSXGameTests */,
				432C0EDA1C00F1F20077C06B /* OSXGameUITests */,
				432C0EEE1C00F3670077C06B /* iOSGame */,
				432C0F031C00F3670077C06B /* iOSGameTests */,
				432C0F0E1C00F3670077C06B /* iOSGameUITests */,
				4379D82F1C24CC91007EF2C0 /* tvOSGame */,
				4379D8411C24CC91007EF2C0 /* tvOSGameTests */,
				4379D84C1C24CC91007EF2C0 /* tvOSGameUITests */,
			);
		};
/* End PBXProject section */

/* Begin PBXResourcesBuildPhase section */
		432C0EBA1C00F1F10077C06B /* Resources */ = {
			isa = PBXResourcesBuildPhase;
			buildActionMask = 2147483647;
			files = (
				43BA6D921C277FD700FB99E4 /* FlowerEmpty.png in Resources */,
				43BA6D951C277FD700FB99E4 /* FlowerFull.png in Resources */,
				43BA6D8F1C277FD700FB99E4 /* dpad.png in Resources */,
				43BA6D9B1C277FD700FB99E4 /* MaxIcon.png in Resources */,
				43BA6DA11C277FD700FB99E4 /* confetti.png in Resources */,
				43BA6D9E1C277FD700FB99E4 /* collect.scnp in Resources */,
				43BA6D981C277FD700FB99E4 /* ItemsPearl.png in Resources */,
				432C0EC71C00F1F20077C06B /* Assets.xcassets in Resources */,
				43BA6D891C277FD700FB99E4 /* congratulations.png in Resources */,
				43BA6D861C277FD700FB99E4 /* game.scnassets in Resources */,
				432C0F1F1C00F48A0077C06B /* art.scnassets in Resources */,
				432C0ECA1C00F1F20077C06B /* MainMenu.xib in Resources */,
				43BA6DA71C277FD700FB99E4 /* glow01.png in Resources */,
				43BA6D8C1C277FD700FB99E4 /* congratulations_pandaMax.png in Resources */,
				43BA6DA41C277FD700FB99E4 /* confetti.scnp in Resources */,
			);
			runOnlyForDeploymentPostprocessing = 0;
		};
		432C0ECE1C00F1F20077C06B /* Resources */ = {
			isa = PBXResourcesBuildPhase;
			buildActionMask = 2147483647;
			files = (
			);
			runOnlyForDeploymentPostprocessing = 0;
		};
		432C0ED91C00F1F20077C06B /* Resources */ = {
			isa = PBXResourcesBuildPhase;
			buildActionMask = 2147483647;
			files = (
			);
			runOnlyForDeploymentPostprocessing = 0;
		};
		432C0EED1C00F3670077C06B /* Resources */ = {
			isa = PBXResourcesBuildPhase;
			buildActionMask = 2147483647;
			files = (
				43BA6D8D1C277FD700FB99E4 /* congratulations_pandaMax.png in Resources */,
				43BA6DA21C277FD700FB99E4 /* confetti.png in Resources */,
				43BA6D9C1C277FD700FB99E4 /* MaxIcon.png in Resources */,
				432C0EFE1C00F3670077C06B /* LaunchScreen.storyboard in Resources */,
				43BA6DA51C277FD700FB99E4 /* confetti.scnp in Resources */,
				43BA6D8A1C277FD700FB99E4 /* congratulations.png in Resources */,
				432C0F221C00F6EC0077C06B /* art.scnassets in Resources */,
				43BA6DA81C277FD700FB99E4 /* glow01.png in Resources */,
				43BA6D901C277FD700FB99E4 /* dpad.png in Resources */,
				432C0EFB1C00F3670077C06B /* Assets.xcassets in Resources */,
				43BA6D931C277FD700FB99E4 /* FlowerEmpty.png in Resources */,
				432C0EF91C00F3670077C06B /* Main.storyboard in Resources */,
				43BA6D871C277FD700FB99E4 /* game.scnassets in Resources */,
				43BA6D991C277FD700FB99E4 /* ItemsPearl.png in Resources */,
				43BA6D9F1C277FD700FB99E4 /* collect.scnp in Resources */,
				43BA6D961C277FD700FB99E4 /* FlowerFull.png in Resources */,
			);
			runOnlyForDeploymentPostprocessing = 0;
		};
		432C0F021C00F3670077C06B /* Resources */ = {
			isa = PBXResourcesBuildPhase;
			buildActionMask = 2147483647;
			files = (
			);
			runOnlyForDeploymentPostprocessing = 0;
		};
		432C0F0D1C00F3670077C06B /* Resources */ = {
			isa = PBXResourcesBuildPhase;
			buildActionMask = 2147483647;
			files = (
			);
			runOnlyForDeploymentPostprocessing = 0;
		};
		4379D82E1C24CC91007EF2C0 /* Resources */ = {
			isa = PBXResourcesBuildPhase;
			buildActionMask = 2147483647;
			files = (
				43BA6D941C277FD700FB99E4 /* FlowerEmpty.png in Resources */,
				43BA6D971C277FD700FB99E4 /* FlowerFull.png in Resources */,
				43BA6D911C277FD700FB99E4 /* dpad.png in Resources */,
				43BA6D9D1C277FD700FB99E4 /* MaxIcon.png in Resources */,
				43BA6DA31C277FD700FB99E4 /* confetti.png in Resources */,
				43BA6DA01C277FD700FB99E4 /* collect.scnp in Resources */,
				43BA6D9A1C277FD700FB99E4 /* ItemsPearl.png in Resources */,
				4379D8601C24CD51007EF2C0 /* art.scnassets in Resources */,
				43BA6D8B1C277FD700FB99E4 /* congratulations.png in Resources */,
				43BA6D881C277FD700FB99E4 /* game.scnassets in Resources */,
				4379D83C1C24CC91007EF2C0 /* Assets.xcassets in Resources */,
				4379D83A1C24CC91007EF2C0 /* Main.storyboard in Resources */,
				43BA6DA91C277FD700FB99E4 /* glow01.png in Resources */,
				43BA6D8E1C277FD700FB99E4 /* congratulations_pandaMax.png in Resources */,
				43BA6DA61C277FD700FB99E4 /* confetti.scnp in Resources */,
			);
			runOnlyForDeploymentPostprocessing = 0;
		};
		4379D8401C24CC91007EF2C0 /* Resources */ = {
			isa = PBXResourcesBuildPhase;
			buildActionMask = 2147483647;
			files = (
			);
			runOnlyForDeploymentPostprocessing = 0;
		};
		4379D84B1C24CC91007EF2C0 /* Resources */ = {
			isa = PBXResourcesBuildPhase;
			buildActionMask = 2147483647;
			files = (
			);
			runOnlyForDeploymentPostprocessing = 0;
		};
/* End PBXResourcesBuildPhase section */

/* Begin PBXSourcesBuildPhase section */
		432C0EB81C00F1F10077C06B /* Sources */ = {
			isa = PBXSourcesBuildPhase;
			buildActionMask = 2147483647;
			files = (
				43BA6D6F1C277C7800FB99E4 /* GameViewController.swift in Sources */,
				43BA6D751C277C7800FB99E4 /* SCNSIMDOverlay.swift in Sources */,
				43BA6D721C277C7800FB99E4 /* SceneKitExtensions.swift in Sources */,
				43BA6CC21C2691D000FB99E4 /* Gameplay.swift in Sources */,
				435AC3AA1C2D9D1E006D0F0B /* SceneRendererDelegate.swift in Sources */,
				43BA6D661C277C7800FB99E4 /* Character.swift in Sources */,
				43BA6D691C277C7800FB99E4 /* GameControls.swift in Sources */,
				43BA6D6C1C277C7800FB99E4 /* GameView.swift in Sources */,
				437A2ACE1C209D1000ED6EEC /* VectorialAlgebra.swift in Sources */,
				432C0EBF1C00F1F10077C06B /* AppDelegate.swift in Sources */,
				437A2AC01C20904700ED6EEC /* Math.swift in Sources */,
			);
			runOnlyForDeploymentPostprocessing = 0;
		};
		432C0ECC1C00F1F20077C06B /* Sources */ = {
			isa = PBXSourcesBuildPhase;
			buildActionMask = 2147483647;
			files = (
				432C0ED51C00F1F20077C06B /* OSXGameTests.swift in Sources */,
				431597E91C0781F100549F94 /* GameTests.swift in Sources */,
			);
			runOnlyForDeploymentPostprocessing = 0;
		};
		432C0ED71C00F1F20077C06B /* Sources */ = {
			isa = PBXSourcesBuildPhase;
			buildActionMask = 2147483647;
			files = (
				432C0EE01C00F1F20077C06B /* OSXGameUITests.swift in Sources */,
			);
			runOnlyForDeploymentPostprocessing = 0;
		};
		432C0EEB1C00F3670077C06B /* Sources */ = {
			isa = PBXSourcesBuildPhase;
			buildActionMask = 2147483647;
			files = (
				43BA6D701C277C7800FB99E4 /* GameViewController.swift in Sources */,
				43BA6D731C277C7800FB99E4 /* SceneKitExtensions.swift in Sources */,
				4329AF551C2A5EAC00DB7E92 /* VectorialAlgebra.swift in Sources */,
				4329AF531C2A5E5A00DB7E92 /* Math.swift in Sources */,
				435AC3AB1C2D9D1E006D0F0B /* SceneRendererDelegate.swift in Sources */,
				43BA6D6A1C277C7800FB99E4 /* GameControls.swift in Sources */,
				43BA6CC31C2691D000FB99E4 /* Gameplay.swift in Sources */,
				43BA6D761C277C7800FB99E4 /* SCNSIMDOverlay.swift in Sources */,
				432C0EF21C00F3670077C06B /* AppDelegate.swift in Sources */,
				43BA6D6D1C277C7800FB99E4 /* GameView.swift in Sources */,
				43BA6D671C277C7800FB99E4 /* Character.swift in Sources */,
			);
			runOnlyForDeploymentPostprocessing = 0;
		};
		432C0F001C00F3670077C06B /* Sources */ = {
			isa = PBXSourcesBuildPhase;
			buildActionMask = 2147483647;
			files = (
				432C0F091C00F3670077C06B /* iOSGameTests.swift in Sources */,
				431597EE1C07834800549F94 /* GameTests.swift in Sources */,
			);
			runOnlyForDeploymentPostprocessing = 0;
		};
		432C0F0B1C00F3670077C06B /* Sources */ = {
			isa = PBXSourcesBuildPhase;
			buildActionMask = 2147483647;
			files = (
				432C0F141C00F3670077C06B /* iOSGameUITests.swift in Sources */,
			);
			runOnlyForDeploymentPostprocessing = 0;
		};
		4379D82C1C24CC91007EF2C0 /* Sources */ = {
			isa = PBXSourcesBuildPhase;
			buildActionMask = 2147483647;
			files = (
				43BA6D711C277C7800FB99E4 /* GameViewController.swift in Sources */,
				43BA6D741C277C7800FB99E4 /* SceneKitExtensions.swift in Sources */,
				4329AF561C2A5EAD00DB7E92 /* VectorialAlgebra.swift in Sources */,
				4329AF541C2A5E5B00DB7E92 /* Math.swift in Sources */,
				435AC3AC1C2D9D1E006D0F0B /* SceneRendererDelegate.swift in Sources */,
				43BA6D6B1C277C7800FB99E4 /* GameControls.swift in Sources */,
				43BA6CC41C2691D000FB99E4 /* Gameplay.swift in Sources */,
				43BA6D771C277C7800FB99E4 /* SCNSIMDOverlay.swift in Sources */,
				4379D8331C24CC91007EF2C0 /* AppDelegate.swift in Sources */,
				43BA6D6E1C277C7800FB99E4 /* GameView.swift in Sources */,
				43BA6D681C277C7800FB99E4 /* Character.swift in Sources */,
			);
			runOnlyForDeploymentPostprocessing = 0;
		};
		4379D83E1C24CC91007EF2C0 /* Sources */ = {
			isa = PBXSourcesBuildPhase;
			buildActionMask = 2147483647;
			files = (
				4379D8471C24CC91007EF2C0 /* tvOSGameTests.swift in Sources */,
				4379D85D1C24CD0D007EF2C0 /* GameTests.swift in Sources */,
			);
			runOnlyForDeploymentPostprocessing = 0;
		};
		4379D8491C24CC91007EF2C0 /* Sources */ = {
			isa = PBXSourcesBuildPhase;
			buildActionMask = 2147483647;
			files = (
				4379D8521C24CC91007EF2C0 /* tvOSGameUITests.swift in Sources */,
			);
			runOnlyForDeploymentPostprocessing = 0;
		};
/* End PBXSourcesBuildPhase section */

/* Begin PBXTargetDependency section */
		432C0ED21C00F1F20077C06B /* PBXTargetDependency */ = {
			isa = PBXTargetDependency;
			target = 432C0EBB1C00F1F10077C06B /* OSXGame */;
			targetProxy = 432C0ED11C00F1F20077C06B /* PBXContainerItemProxy */;
		};
		432C0EDD1C00F1F20077C06B /* PBXTargetDependency */ = {
			isa = PBXTargetDependency;
			target = 432C0EBB1C00F1F10077C06B /* OSXGame */;
			targetProxy = 432C0EDC1C00F1F20077C06B /* PBXContainerItemProxy */;
		};
		432C0F061C00F3670077C06B /* PBXTargetDependency */ = {
			isa = PBXTargetDependency;
			target = 432C0EEE1C00F3670077C06B /* iOSGame */;
			targetProxy = 432C0F051C00F3670077C06B /* PBXContainerItemProxy */;
		};
		432C0F111C00F3670077C06B /* PBXTargetDependency */ = {
			isa = PBXTargetDependency;
			target = 432C0EEE1C00F3670077C06B /* iOSGame */;
			targetProxy = 432C0F101C00F3670077C06B /* PBXContainerItemProxy */;
		};
		4379D8441C24CC91007EF2C0 /* PBXTargetDependency */ = {
			isa = PBXTargetDependency;
			target = 4379D82F1C24CC91007EF2C0 /* tvOSGame */;
			targetProxy = 4379D8431C24CC91007EF2C0 /* PBXContainerItemProxy */;
		};
		4379D84F1C24CC91007EF2C0 /* PBXTargetDependency */ = {
			isa = PBXTargetDependency;
			target = 4379D82F1C24CC91007EF2C0 /* tvOSGame */;
			targetProxy = 4379D84E1C24CC91007EF2C0 /* PBXContainerItemProxy */;
		};
/* End PBXTargetDependency section */

/* Begin PBXVariantGroup section */
		432C0EC81C00F1F20077C06B /* MainMenu.xib */ = {
			isa = PBXVariantGroup;
			children = (
				432C0EC91C00F1F20077C06B /* Base */,
			);
			name = MainMenu.xib;
			sourceTree = "<group>";
		};
		432C0EF71C00F3670077C06B /* Main.storyboard */ = {
			isa = PBXVariantGroup;
			children = (
				432C0EF81C00F3670077C06B /* Base */,
			);
			name = Main.storyboard;
			sourceTree = "<group>";
		};
		432C0EFC1C00F3670077C06B /* LaunchScreen.storyboard */ = {
			isa = PBXVariantGroup;
			children = (
				432C0EFD1C00F3670077C06B /* Base */,
			);
			name = LaunchScreen.storyboard;
			sourceTree = "<group>";
		};
		4379D8381C24CC91007EF2C0 /* Main.storyboard */ = {
			isa = PBXVariantGroup;
			children = (
				4379D8391C24CC91007EF2C0 /* Base */,
			);
			name = Main.storyboard;
			sourceTree = "<group>";
		};
/* End PBXVariantGroup section */

/* Begin XCBuildConfiguration section */
		432C0EE21C00F1F20077C06B /* Debug */ = {
			isa = XCBuildConfiguration;
			buildSettings = {
				ASSETCATALOG_COMPILER_APPICON_NAME = AppIcon;
				COMBINE_HIDPI_IMAGES = YES;
				INFOPLIST_FILE = OSXGame/Info.plist;
				LD_RUNPATH_SEARCH_PATHS = "$(inherited) @executable_path/../Frameworks";
				MACOSX_DEPLOYMENT_TARGET = 10.11;
				PRODUCT_BUNDLE_IDENTIFIER = Julio.OSXGame;
				PRODUCT_NAME = "$(TARGET_NAME)";
				SDKROOT = macosx;
			};
			name = Debug;
		};
		432C0EE31C00F1F20077C06B /* Release */ = {
			isa = XCBuildConfiguration;
			buildSettings = {
				ASSETCATALOG_COMPILER_APPICON_NAME = AppIcon;
				COMBINE_HIDPI_IMAGES = YES;
				INFOPLIST_FILE = OSXGame/Info.plist;
				LD_RUNPATH_SEARCH_PATHS = "$(inherited) @executable_path/../Frameworks";
				MACOSX_DEPLOYMENT_TARGET = 10.11;
				PRODUCT_BUNDLE_IDENTIFIER = Julio.OSXGame;
				PRODUCT_NAME = "$(TARGET_NAME)";
				SDKROOT = macosx;
			};
			name = Release;
		};
		432C0EE41C00F1F20077C06B /* Debug */ = {
			isa = XCBuildConfiguration;
			buildSettings = {
				BUNDLE_LOADER = "$(TEST_HOST)";
				CODE_SIGN_IDENTITY = "-";
				COMBINE_HIDPI_IMAGES = YES;
				DEBUG_INFORMATION_FORMAT = dwarf;
				INFOPLIST_FILE = OSXGameTests/Info.plist;
				LD_RUNPATH_SEARCH_PATHS = "$(inherited) @executable_path/../Frameworks @loader_path/../Frameworks";
				MACOSX_DEPLOYMENT_TARGET = 10.11;
				PRODUCT_BUNDLE_IDENTIFIER = Julio.OSXGameTests;
				PRODUCT_NAME = "$(TARGET_NAME)";
				SDKROOT = macosx;
				TEST_HOST = "$(BUILT_PRODUCTS_DIR)/OSXGame.app/Contents/MacOS/OSXGame";
			};
			name = Debug;
		};
		432C0EE51C00F1F20077C06B /* Release */ = {
			isa = XCBuildConfiguration;
			buildSettings = {
				BUNDLE_LOADER = "$(TEST_HOST)";
				CODE_SIGN_IDENTITY = "-";
				COMBINE_HIDPI_IMAGES = YES;
				INFOPLIST_FILE = OSXGameTests/Info.plist;
				LD_RUNPATH_SEARCH_PATHS = "$(inherited) @executable_path/../Frameworks @loader_path/../Frameworks";
				MACOSX_DEPLOYMENT_TARGET = 10.11;
				PRODUCT_BUNDLE_IDENTIFIER = Julio.OSXGameTests;
				PRODUCT_NAME = "$(TARGET_NAME)";
				SDKROOT = macosx;
				TEST_HOST = "$(BUILT_PRODUCTS_DIR)/OSXGame.app/Contents/MacOS/OSXGame";
			};
			name = Release;
		};
		432C0EE61C00F1F20077C06B /* Debug */ = {
			isa = XCBuildConfiguration;
			buildSettings = {
				CODE_SIGN_IDENTITY = "-";
				COMBINE_HIDPI_IMAGES = YES;
				DEBUG_INFORMATION_FORMAT = dwarf;
				INFOPLIST_FILE = OSXGameUITests/Info.plist;
				LD_RUNPATH_SEARCH_PATHS = "$(inherited) @executable_path/../Frameworks @loader_path/../Frameworks";
				MACOSX_DEPLOYMENT_TARGET = 10.11;
				PRODUCT_BUNDLE_IDENTIFIER = Julio.OSXGameUITests;
				PRODUCT_NAME = "$(TARGET_NAME)";
				SDKROOT = macosx;
				TEST_TARGET_NAME = OSXGame;
				USES_XCTRUNNER = YES;
			};
			name = Debug;
		};
		432C0EE71C00F1F20077C06B /* Release */ = {
			isa = XCBuildConfiguration;
			buildSettings = {
				CODE_SIGN_IDENTITY = "-";
				COMBINE_HIDPI_IMAGES = YES;
				INFOPLIST_FILE = OSXGameUITests/Info.plist;
				LD_RUNPATH_SEARCH_PATHS = "$(inherited) @executable_path/../Frameworks @loader_path/../Frameworks";
				MACOSX_DEPLOYMENT_TARGET = 10.11;
				PRODUCT_BUNDLE_IDENTIFIER = Julio.OSXGameUITests;
				PRODUCT_NAME = "$(TARGET_NAME)";
				SDKROOT = macosx;
				TEST_TARGET_NAME = OSXGame;
				USES_XCTRUNNER = YES;
			};
			name = Release;
		};
		432C0F171C00F3670077C06B /* Debug */ = {
			isa = XCBuildConfiguration;
			buildSettings = {
				ASSETCATALOG_COMPILER_APPICON_NAME = AppIcon;
				INFOPLIST_FILE = iOSGame/Info.plist;
				LD_RUNPATH_SEARCH_PATHS = "$(inherited) @executable_path/Frameworks";
				PRODUCT_BUNDLE_IDENTIFIER = Julio.iOSGame;
				PRODUCT_NAME = "$(TARGET_NAME)";
			};
			name = Debug;
		};
		432C0F181C00F3670077C06B /* Release */ = {
			isa = XCBuildConfiguration;
			buildSettings = {
				ASSETCATALOG_COMPILER_APPICON_NAME = AppIcon;
				INFOPLIST_FILE = iOSGame/Info.plist;
				LD_RUNPATH_SEARCH_PATHS = "$(inherited) @executable_path/Frameworks";
				PRODUCT_BUNDLE_IDENTIFIER = Julio.iOSGame;
				PRODUCT_NAME = "$(TARGET_NAME)";
			};
			name = Release;
		};
		432C0F1A1C00F3670077C06B /* Debug */ = {
			isa = XCBuildConfiguration;
			buildSettings = {
				BUNDLE_LOADER = "$(TEST_HOST)";
				DEBUG_INFORMATION_FORMAT = dwarf;
				INFOPLIST_FILE = iOSGameTests/Info.plist;
				LD_RUNPATH_SEARCH_PATHS = "$(inherited) @executable_path/Frameworks @loader_path/Frameworks";
				PRODUCT_BUNDLE_IDENTIFIER = Julio.iOSGameTests;
				PRODUCT_NAME = "$(TARGET_NAME)";
				TEST_HOST = "$(BUILT_PRODUCTS_DIR)/iOSGame.app/iOSGame";
			};
			name = Debug;
		};
		432C0F1B1C00F3670077C06B /* Release */ = {
			isa = XCBuildConfiguration;
			buildSettings = {
				BUNDLE_LOADER = "$(TEST_HOST)";
				INFOPLIST_FILE = iOSGameTests/Info.plist;
				LD_RUNPATH_SEARCH_PATHS = "$(inherited) @executable_path/Frameworks @loader_path/Frameworks";
				PRODUCT_BUNDLE_IDENTIFIER = Julio.iOSGameTests;
				PRODUCT_NAME = "$(TARGET_NAME)";
				TEST_HOST = "$(BUILT_PRODUCTS_DIR)/iOSGame.app/iOSGame";
			};
			name = Release;
		};
		432C0F1D1C00F3670077C06B /* Debug */ = {
			isa = XCBuildConfiguration;
			buildSettings = {
				DEBUG_INFORMATION_FORMAT = dwarf;
				INFOPLIST_FILE = iOSGameUITests/Info.plist;
				LD_RUNPATH_SEARCH_PATHS = "$(inherited) @executable_path/Frameworks @loader_path/Frameworks";
				PRODUCT_BUNDLE_IDENTIFIER = Julio.iOSGameUITests;
				PRODUCT_NAME = "$(TARGET_NAME)";
				TEST_TARGET_NAME = iOSGame;
				USES_XCTRUNNER = YES;
			};
			name = Debug;
		};
		432C0F1E1C00F3670077C06B /* Release */ = {
			isa = XCBuildConfiguration;
			buildSettings = {
				INFOPLIST_FILE = iOSGameUITests/Info.plist;
				LD_RUNPATH_SEARCH_PATHS = "$(inherited) @executable_path/Frameworks @loader_path/Frameworks";
				PRODUCT_BUNDLE_IDENTIFIER = Julio.iOSGameUITests;
				PRODUCT_NAME = "$(TARGET_NAME)";
				TEST_TARGET_NAME = iOSGame;
				USES_XCTRUNNER = YES;
			};
			name = Release;
		};
		4379D8551C24CC91007EF2C0 /* Debug */ = {
			isa = XCBuildConfiguration;
			buildSettings = {
				ASSETCATALOG_COMPILER_APPICON_NAME = "App Icon & Top Shelf Image";
				ASSETCATALOG_COMPILER_LAUNCHIMAGE_NAME = LaunchImage;
				INFOPLIST_FILE = tvOSGame/Info.plist;
				LD_RUNPATH_SEARCH_PATHS = "$(inherited) @executable_path/Frameworks";
				PRODUCT_BUNDLE_IDENTIFIER = Julio.tvOSGame;
				PRODUCT_NAME = "$(TARGET_NAME)";
				SDKROOT = appletvos;
				TARGETED_DEVICE_FAMILY = 3;
				TVOS_DEPLOYMENT_TARGET = 9.0;
			};
			name = Debug;
		};
		4379D8561C24CC91007EF2C0 /* Release */ = {
			isa = XCBuildConfiguration;
			buildSettings = {
				ASSETCATALOG_COMPILER_APPICON_NAME = "App Icon & Top Shelf Image";
				ASSETCATALOG_COMPILER_LAUNCHIMAGE_NAME = LaunchImage;
				INFOPLIST_FILE = tvOSGame/Info.plist;
				LD_RUNPATH_SEARCH_PATHS = "$(inherited) @executable_path/Frameworks";
				PRODUCT_BUNDLE_IDENTIFIER = Julio.tvOSGame;
				PRODUCT_NAME = "$(TARGET_NAME)";
				SDKROOT = appletvos;
				TARGETED_DEVICE_FAMILY = 3;
				TVOS_DEPLOYMENT_TARGET = 9.0;
			};
			name = Release;
		};
		4379D8581C24CC91007EF2C0 /* Debug */ = {
			isa = XCBuildConfiguration;
			buildSettings = {
				BUNDLE_LOADER = "$(TEST_HOST)";
				DEBUG_INFORMATION_FORMAT = dwarf;
				INFOPLIST_FILE = tvOSGameTests/Info.plist;
				LD_RUNPATH_SEARCH_PATHS = "$(inherited) @executable_path/Frameworks @loader_path/Frameworks";
				PRODUCT_BUNDLE_IDENTIFIER = Julio.tvOSGameTests;
				PRODUCT_NAME = "$(TARGET_NAME)";
				SDKROOT = appletvos;
				TEST_HOST = "$(BUILT_PRODUCTS_DIR)/tvOSGame.app/tvOSGame";
				TVOS_DEPLOYMENT_TARGET = 9.0;
			};
			name = Debug;
		};
		4379D8591C24CC91007EF2C0 /* Release */ = {
			isa = XCBuildConfiguration;
			buildSettings = {
				BUNDLE_LOADER = "$(TEST_HOST)";
				INFOPLIST_FILE = tvOSGameTests/Info.plist;
				LD_RUNPATH_SEARCH_PATHS = "$(inherited) @executable_path/Frameworks @loader_path/Frameworks";
				PRODUCT_BUNDLE_IDENTIFIER = Julio.tvOSGameTests;
				PRODUCT_NAME = "$(TARGET_NAME)";
				SDKROOT = appletvos;
				TEST_HOST = "$(BUILT_PRODUCTS_DIR)/tvOSGame.app/tvOSGame";
				TVOS_DEPLOYMENT_TARGET = 9.0;
			};
			name = Release;
		};
		4379D85B1C24CC91007EF2C0 /* Debug */ = {
			isa = XCBuildConfiguration;
			buildSettings = {
				DEBUG_INFORMATION_FORMAT = dwarf;
				INFOPLIST_FILE = tvOSGameUITests/Info.plist;
				LD_RUNPATH_SEARCH_PATHS = "$(inherited) @executable_path/Frameworks @loader_path/Frameworks";
				PRODUCT_BUNDLE_IDENTIFIER = Julio.tvOSGameUITests;
				PRODUCT_NAME = "$(TARGET_NAME)";
				SDKROOT = appletvos;
				TEST_TARGET_NAME = tvOSGame;
				TVOS_DEPLOYMENT_TARGET = 9.0;
				USES_XCTRUNNER = YES;
			};
			name = Debug;
		};
		4379D85C1C24CC91007EF2C0 /* Release */ = {
			isa = XCBuildConfiguration;
			buildSettings = {
				INFOPLIST_FILE = tvOSGameUITests/Info.plist;
				LD_RUNPATH_SEARCH_PATHS = "$(inherited) @executable_path/Frameworks @loader_path/Frameworks";
				PRODUCT_BUNDLE_IDENTIFIER = Julio.tvOSGameUITests;
				PRODUCT_NAME = "$(TARGET_NAME)";
				SDKROOT = appletvos;
				TEST_TARGET_NAME = tvOSGame;
				TVOS_DEPLOYMENT_TARGET = 9.0;
				USES_XCTRUNNER = YES;
			};
			name = Release;
		};
		43DA68FF1BFE795A00BED1B0 /* Debug */ = {
			isa = XCBuildConfiguration;
			buildSettings = {
				ALWAYS_SEARCH_USER_PATHS = NO;
				CLANG_CXX_LANGUAGE_STANDARD = "gnu++0x";
				CLANG_CXX_LIBRARY = "libc++";
				CLANG_ENABLE_MODULES = YES;
				CLANG_ENABLE_OBJC_ARC = YES;
				CLANG_WARN_BOOL_CONVERSION = YES;
				CLANG_WARN_CONSTANT_CONVERSION = YES;
				CLANG_WARN_DIRECT_OBJC_ISA_USAGE = YES_ERROR;
				CLANG_WARN_EMPTY_BODY = YES;
				CLANG_WARN_ENUM_CONVERSION = YES;
				CLANG_WARN_INT_CONVERSION = YES;
				CLANG_WARN_OBJC_ROOT_CLASS = YES_ERROR;
				CLANG_WARN_UNREACHABLE_CODE = YES;
				CLANG_WARN__DUPLICATE_METHOD_MATCH = YES;
				"CODE_SIGN_IDENTITY[sdk=iphoneos*]" = "iPhone Developer";
				COPY_PHASE_STRIP = NO;
				DEBUG_INFORMATION_FORMAT = "dwarf-with-dsym";
				ENABLE_STRICT_OBJC_MSGSEND = YES;
				ENABLE_TESTABILITY = YES;
				GCC_C_LANGUAGE_STANDARD = gnu99;
				GCC_DYNAMIC_NO_PIC = NO;
				GCC_NO_COMMON_BLOCKS = YES;
				GCC_OPTIMIZATION_LEVEL = 0;
				GCC_PREPROCESSOR_DEFINITIONS = (
					"DEBUG=1",
					"$(inherited)",
				);
				GCC_WARN_64_TO_32_BIT_CONVERSION = YES;
				GCC_WARN_ABOUT_RETURN_TYPE = YES_ERROR;
				GCC_WARN_UNDECLARED_SELECTOR = YES;
				GCC_WARN_UNINITIALIZED_AUTOS = YES_AGGRESSIVE;
				GCC_WARN_UNUSED_FUNCTION = YES;
				GCC_WARN_UNUSED_VARIABLE = YES;
				IPHONEOS_DEPLOYMENT_TARGET = 9.1;
				MTL_ENABLE_DEBUG_INFO = YES;
				ONLY_ACTIVE_ARCH = YES;
				SDKROOT = iphoneos;
				SWIFT_OPTIMIZATION_LEVEL = "-Onone";
				TARGETED_DEVICE_FAMILY = "1,2";
			};
			name = Debug;
		};
		43DA69001BFE795A00BED1B0 /* Release */ = {
			isa = XCBuildConfiguration;
			buildSettings = {
				ALWAYS_SEARCH_USER_PATHS = NO;
				CLANG_CXX_LANGUAGE_STANDARD = "gnu++0x";
				CLANG_CXX_LIBRARY = "libc++";
				CLANG_ENABLE_MODULES = YES;
				CLANG_ENABLE_OBJC_ARC = YES;
				CLANG_WARN_BOOL_CONVERSION = YES;
				CLANG_WARN_CONSTANT_CONVERSION = YES;
				CLANG_WARN_DIRECT_OBJC_ISA_USAGE = YES_ERROR;
				CLANG_WARN_EMPTY_BODY = YES;
				CLANG_WARN_ENUM_CONVERSION = YES;
				CLANG_WARN_INT_CONVERSION = YES;
				CLANG_WARN_OBJC_ROOT_CLASS = YES_ERROR;
				CLANG_WARN_UNREACHABLE_CODE = YES;
				CLANG_WARN__DUPLICATE_METHOD_MATCH = YES;
				"CODE_SIGN_IDENTITY[sdk=iphoneos*]" = "iPhone Developer";
				COPY_PHASE_STRIP = NO;
				DEBUG_INFORMATION_FORMAT = "dwarf-with-dsym";
				ENABLE_NS_ASSERTIONS = NO;
				ENABLE_STRICT_OBJC_MSGSEND = YES;
				GCC_C_LANGUAGE_STANDARD = gnu99;
				GCC_NO_COMMON_BLOCKS = YES;
				GCC_WARN_64_TO_32_BIT_CONVERSION = YES;
				GCC_WARN_ABOUT_RETURN_TYPE = YES_ERROR;
				GCC_WARN_UNDECLARED_SELECTOR = YES;
				GCC_WARN_UNINITIALIZED_AUTOS = YES_AGGRESSIVE;
				GCC_WARN_UNUSED_FUNCTION = YES;
				GCC_WARN_UNUSED_VARIABLE = YES;
				IPHONEOS_DEPLOYMENT_TARGET = 9.1;
				MTL_ENABLE_DEBUG_INFO = NO;
				SDKROOT = iphoneos;
				TARGETED_DEVICE_FAMILY = "1,2";
				VALIDATE_PRODUCT = YES;
			};
			name = Release;
		};
/* End XCBuildConfiguration section */

/* Begin XCConfigurationList section */
		432C0EE81C00F1F20077C06B /* Build configuration list for PBXNativeTarget "OSXGame" */ = {
			isa = XCConfigurationList;
			buildConfigurations = (
				432C0EE21C00F1F20077C06B /* Debug */,
				432C0EE31C00F1F20077C06B /* Release */,
			);
			defaultConfigurationIsVisible = 0;
			defaultConfigurationName = Release;
		};
		432C0EE91C00F1F20077C06B /* Build configuration list for PBXNativeTarget "OSXGameTests" */ = {
			isa = XCConfigurationList;
			buildConfigurations = (
				432C0EE41C00F1F20077C06B /* Debug */,
				432C0EE51C00F1F20077C06B /* Release */,
			);
			defaultConfigurationIsVisible = 0;
			defaultConfigurationName = Release;
		};
		432C0EEA1C00F1F20077C06B /* Build configuration list for PBXNativeTarget "OSXGameUITests" */ = {
			isa = XCConfigurationList;
			buildConfigurations = (
				432C0EE61C00F1F20077C06B /* Debug */,
				432C0EE71C00F1F20077C06B /* Release */,
			);
			defaultConfigurationIsVisible = 0;
			defaultConfigurationName = Release;
		};
		432C0F161C00F3670077C06B /* Build configuration list for PBXNativeTarget "iOSGame" */ = {
			isa = XCConfigurationList;
			buildConfigurations = (
				432C0F171C00F3670077C06B /* Debug */,
				432C0F181C00F3670077C06B /* Release */,
			);
			defaultConfigurationIsVisible = 0;
			defaultConfigurationName = Release;
		};
		432C0F191C00F3670077C06B /* Build configuration list for PBXNativeTarget "iOSGameTests" */ = {
			isa = XCConfigurationList;
			buildConfigurations = (
				432C0F1A1C00F3670077C06B /* Debug */,
				432C0F1B1C00F3670077C06B /* Release */,
			);
			defaultConfigurationIsVisible = 0;
			defaultConfigurationName = Release;
		};
		432C0F1C1C00F3670077C06B /* Build configuration list for PBXNativeTarget "iOSGameUITests" */ = {
			isa = XCConfigurationList;
			buildConfigurations = (
				432C0F1D1C00F3670077C06B /* Debug */,
				432C0F1E1C00F3670077C06B /* Release */,
			);
			defaultConfigurationIsVisible = 0;
			defaultConfigurationName = Release;
		};
		4379D8541C24CC91007EF2C0 /* Build configuration list for PBXNativeTarget "tvOSGame" */ = {
			isa = XCConfigurationList;
			buildConfigurations = (
				4379D8551C24CC91007EF2C0 /* Debug */,
				4379D8561C24CC91007EF2C0 /* Release */,
			);
			defaultConfigurationIsVisible = 0;
			defaultConfigurationName = Release;
		};
		4379D8571C24CC91007EF2C0 /* Build configuration list for PBXNativeTarget "tvOSGameTests" */ = {
			isa = XCConfigurationList;
			buildConfigurations = (
				4379D8581C24CC91007EF2C0 /* Debug */,
				4379D8591C24CC91007EF2C0 /* Release */,
			);
			defaultConfigurationIsVisible = 0;
			defaultConfigurationName = Release;
		};
		4379D85A1C24CC91007EF2C0 /* Build configuration list for PBXNativeTarget "tvOSGameUITests" */ = {
			isa = XCConfigurationList;
			buildConfigurations = (
				4379D85B1C24CC91007EF2C0 /* Debug */,
				4379D85C1C24CC91007EF2C0 /* Release */,
			);
			defaultConfigurationIsVisible = 0;
			defaultConfigurationName = Release;
		};
		43DA68D21BFE795A00BED1B0 /* Build configuration list for PBXProject "Game" */ = {
			isa = XCConfigurationList;
			buildConfigurations = (
				43DA68FF1BFE795A00BED1B0 /* Debug */,
				43DA69001BFE795A00BED1B0 /* Release */,
			);
			defaultConfigurationIsVisible = 0;
			defaultConfigurationName = Release;
		};
/* End XCConfigurationList section */
	};
	rootObject = 43DA68CF1BFE795A00BED1B0 /* Project object */;
}
